
Microsoft Visual Studio Solution File, Format Version 12.00
# Visual Studio 14
VisualStudioVersion = 14.0.22609.0
MinimumVisualStudioVersion = 10.0.40219.1
Project("{FAE04EC0-301F-11D3-BF4B-00C04F79EFBC}") = "peopleService", "peopleService\peopleService.csproj", "{7129A812-4846-41B7-8BDB-EF5BDBA44FE2}"
EndProject
Project("{FAE04EC0-301F-11D3-BF4B-00C04F79EFBC}") = "peopleService.CodedUITests", "peopleService.CodedUITests\peopleService.CodedUITests.csproj", "{65AD887E-DCEF-40EA-A414-E0C5C255862E}"
EndProject
Project("{FAE04EC0-301F-11D3-BF4B-00C04F79EFBC}") = "peopleService.WebAndLoadTests", "peopleService.WebAndLoadTests\peopleService.WebAndLoadTests.csproj", "{004D3D8D-2AE4-4CBF-8121-90D70CB6FF9B}"
EndProject
Project("{2150E333-8FDC-42A3-9474-1A3956D46DE8}") = "Solution Items", "Solution Items", "{8ED7241E-B094-4502-A46F-ED6D3917E884}"
	ProjectSection(SolutionItems) = preProject
		Local.testsettings = Local.testsettings
		release.runsettings = release.runsettings
	EndProjectSection
EndProject
Project("{FAE04EC0-301F-11D3-BF4B-00C04F79EFBC}") = "peopleService.UnitTests", "peopleService.UnitTests\peopleService.UnitTests.csproj", "{E0DB6659-AFBC-4853-92AB-B51CF4FED42D}"
EndProject
Global
	GlobalSection(SolutionConfigurationPlatforms) = preSolution
		Debug|Any CPU = Debug|Any CPU
		Release|Any CPU = Release|Any CPU
	EndGlobalSection
	GlobalSection(ProjectConfigurationPlatforms) = postSolution
		{7129A812-4846-41B7-8BDB-EF5BDBA44FE2}.Debug|Any CPU.ActiveCfg = Debug|Any CPU
		{7129A812-4846-41B7-8BDB-EF5BDBA44FE2}.Debug|Any CPU.Build.0 = Debug|Any CPU
		{7129A812-4846-41B7-8BDB-EF5BDBA44FE2}.Release|Any CPU.ActiveCfg = Release|Any CPU
		{7129A812-4846-41B7-8BDB-EF5BDBA44FE2}.Release|Any CPU.Build.0 = Release|Any CPU
		{65AD887E-DCEF-40EA-A414-E0C5C255862E}.Debug|Any CPU.ActiveCfg = Debug|Any CPU
		{65AD887E-DCEF-40EA-A414-E0C5C255862E}.Debug|Any CPU.Build.0 = Debug|Any CPU
		{65AD887E-DCEF-40EA-A414-E0C5C255862E}.Release|Any CPU.ActiveCfg = Release|Any CPU
		{65AD887E-DCEF-40EA-A414-E0C5C255862E}.Release|Any CPU.Build.0 = Release|Any CPU
		{004D3D8D-2AE4-4CBF-8121-90D70CB6FF9B}.Debug|Any CPU.ActiveCfg = Debug|Any CPU
		{004D3D8D-2AE4-4CBF-8121-90D70CB6FF9B}.Debug|Any CPU.Build.0 = Debug|Any CPU
		{004D3D8D-2AE4-4CBF-8121-90D70CB6FF9B}.Release|Any CPU.ActiveCfg = Release|Any CPU
		{004D3D8D-2AE4-4CBF-8121-90D70CB6FF9B}.Release|Any CPU.Build.0 = Release|Any CPU
		{E0DB6659-AFBC-4853-92AB-B51CF4FED42D}.Debug|Any CPU.ActiveCfg = Debug|Any CPU
		{E0DB6659-AFBC-4853-92AB-B51CF4FED42D}.Debug|Any CPU.Build.0 = Debug|Any CPU
		{E0DB6659-AFBC-4853-92AB-B51CF4FED42D}.Release|Any CPU.ActiveCfg = Release|Any CPU
		{E0DB6659-AFBC-4853-92AB-B51CF4FED42D}.Release|Any CPU.Build.0 = Release|Any CPU
	EndGlobalSection
	GlobalSection(SolutionProperties) = preSolution
		HideSolutionNode = FALSE
	EndGlobalSection
	GlobalSection(TeamFoundationVersionControl) = preSolution
		SccNumberOfProjects = 5
		SccEnterpriseProvider = {4CA58AB2-18FA-4F8D-95D4-32DDF27D184C}
		SccTeamFoundationServer = https://demo.tfs-int-rm1.tfsallin.net/defaultcollection
		SccLocalPath0 = .
		SccProjectUniqueName1 = peopleService.CodedUITests\\peopleService.CodedUITests.csproj
		SccProjectName1 = peopleService.CodedUITests
		SccLocalPath1 = peopleService.CodedUITests
		SccProjectUniqueName2 = peopleService.WebAndLoadTests\\peopleService.WebAndLoadTests.csproj
		SccProjectName2 = peopleService.WebAndLoadTests
		SccLocalPath2 = peopleService.WebAndLoadTests
		SccProjectUniqueName3 = peopleService\\peopleService.csproj
		SccProjectName3 = peopleService
		SccLocalPath3 = peopleService
		SccProjectUniqueName4 = peopleService.UnitTests\\peopleService.UnitTests.csproj
		SccProjectName4 = peopleService.UnitTests
		SccLocalPath4 = peopleService.UnitTests
	EndGlobalSection
EndGlobal
